
Microsoft Visual Studio Solution File, Format Version 12.00
# Visual Studio Version 16
VisualStudioVersion = 16.0.30804.86
MinimumVisualStudioVersion = 10.0.40219.1
Project("{9A19103F-16F7-4668-BE54-9A1E7A4F7556}") = "KampIntro", "KampIntro\KampIntro.csproj", "{4396D62A-FDDD-4B77-B89C-CB54279731E9}"
EndProject
Project("{9A19103F-16F7-4668-BE54-9A1E7A4F7556}") = "Donguler", "Donguler\Donguler.csproj", "{F466D748-3163-4F09-BB20-D1875EA418D2}"
EndProject
Project("{9A19103F-16F7-4668-BE54-9A1E7A4F7556}") = "ClassIntro", "ClassIntro\ClassIntro.csproj", "{85E30980-F50E-4116-B01A-99F9D04F9DC3}"
EndProject
Project("{FAE04EC0-301F-11D3-BF4B-00C04F79EFBC}") = "Metotlar", "Metotlar\Metotlar.csproj", "{DA202D32-9681-474A-9618-7703243B7899}"
EndProject
Project("{FAE04EC0-301F-11D3-BF4B-00C04F79EFBC}") = "Matematik", "Matematik\Matematik.csproj", "{D01F70DF-B938-4AF1-B3A9-E47B2E0F6327}"
EndProject
Project("{FAE04EC0-301F-11D3-BF4B-00C04F79EFBC}") = "DegerVeReferansTipler", "DegerVeReferansTipler\DegerVeReferansTipler.csproj", "{87A9AF49-AF70-4C18-BD0C-E9A573DF0E19}"
EndProject
Global
	GlobalSection(SolutionConfigurationPlatforms) = preSolution
		Debug|Any CPU = Debug|Any CPU
		Release|Any CPU = Release|Any CPU
	EndGlobalSection
	GlobalSection(ProjectConfigurationPlatforms) = postSolution
		{4396D62A-FDDD-4B77-B89C-CB54279731E9}.Debug|Any CPU.ActiveCfg = Debug|Any CPU
		{4396D62A-FDDD-4B77-B89C-CB54279731E9}.Debug|Any CPU.Build.0 = Debug|Any CPU
		{4396D62A-FDDD-4B77-B89C-CB54279731E9}.Release|Any CPU.ActiveCfg = Release|Any CPU
		{4396D62A-FDDD-4B77-B89C-CB54279731E9}.Release|Any CPU.Build.0 = Release|Any CPU
		{F466D748-3163-4F09-BB20-D1875EA418D2}.Debug|Any CPU.ActiveCfg = Debug|Any CPU
		{F466D748-3163-4F09-BB20-D1875EA418D2}.Debug|Any CPU.Build.0 = Debug|Any CPU
		{F466D748-3163-4F09-BB20-D1875EA418D2}.Release|Any CPU.ActiveCfg = Release|Any CPU
		{F466D748-3163-4F09-BB20-D1875EA418D2}.Release|Any CPU.Build.0 = Release|Any CPU
		{85E30980-F50E-4116-B01A-99F9D04F9DC3}.Debug|Any CPU.ActiveCfg = Debug|Any CPU
		{85E30980-F50E-4116-B01A-99F9D04F9DC3}.Debug|Any CPU.Build.0 = Debug|Any CPU
		{85E30980-F50E-4116-B01A-99F9D04F9DC3}.Release|Any CPU.ActiveCfg = Release|Any CPU
		{85E30980-F50E-4116-B01A-99F9D04F9DC3}.Release|Any CPU.Build.0 = Release|Any CPU
		{DA202D32-9681-474A-9618-7703243B7899}.Debug|Any CPU.ActiveCfg = Debug|Any CPU
		{DA202D32-9681-474A-9618-7703243B7899}.Debug|Any CPU.Build.0 = Debug|Any CPU
		{DA202D32-9681-474A-9618-7703243B7899}.Release|Any CPU.ActiveCfg = Release|Any CPU
		{DA202D32-9681-474A-9618-7703243B7899}.Release|Any CPU.Build.0 = Release|Any CPU
		{D01F70DF-B938-4AF1-B3A9-E47B2E0F6327}.Debug|Any CPU.ActiveCfg = Debug|Any CPU
		{D01F70DF-B938-4AF1-B3A9-E47B2E0F6327}.Debug|Any CPU.Build.0 = Debug|Any CPU
		{D01F70DF-B938-4AF1-B3A9-E47B2E0F6327}.Release|Any CPU.ActiveCfg = Release|Any CPU
		{D01F70DF-B938-4AF1-B3A9-E47B2E0F6327}.Release|Any CPU.Build.0 = Release|Any CPU
		{87A9AF49-AF70-4C18-BD0C-E9A573DF0E19}.Debug|Any CPU.ActiveCfg = Debug|Any CPU
		{87A9AF49-AF70-4C18-BD0C-E9A573DF0E19}.Debug|Any CPU.Build.0 = Debug|Any CPU
		{87A9AF49-AF70-4C18-BD0C-E9A573DF0E19}.Release|Any CPU.ActiveCfg = Release|Any CPU
		{87A9AF49-AF70-4C18-BD0C-E9A573DF0E19}.Release|Any CPU.Build.0 = Release|Any CPU
	EndGlobalSection
	GlobalSection(SolutionProperties) = preSolution
		HideSolutionNode = FALSE
	EndGlobalSection
	GlobalSection(ExtensibilityGlobals) = postSolution
		SolutionGuid = {BBC14AB8-6F25-4218-B8C6-C8CB30842EE9}
	EndGlobalSection
EndGlobal
